// !$*UTF8*$!
{
	archiveVersion = 1;
	classes = {
	};
	objectVersion = 52;
	objects = {

/* Begin PBXBuildFile section */
		4C1D12892415219500626104 /* AppDelegate.swift in Sources */ = {isa = PBXBuildFile; fileRef = 4C1D12882415219500626104 /* AppDelegate.swift */; };
		4C1D128B2415219500626104 /* SceneDelegate.swift in Sources */ = {isa = PBXBuildFile; fileRef = 4C1D128A2415219500626104 /* SceneDelegate.swift */; };
		4C1D128D2415219500626104 /* ContentView.swift in Sources */ = {isa = PBXBuildFile; fileRef = 4C1D128C2415219500626104 /* ContentView.swift */; };
		4C1D128F2415219800626104 /* Assets.xcassets in Resources */ = {isa = PBXBuildFile; fileRef = 4C1D128E2415219800626104 /* Assets.xcassets */; };
		4C1D12922415219800626104 /* Preview Assets.xcassets in Resources */ = {isa = PBXBuildFile; fileRef = 4C1D12912415219800626104 /* Preview Assets.xcassets */; };
		4C1D129F2415221300626104 /* GoogleService-Info.plist in Resources */ = {isa = PBXBuildFile; fileRef = 4C1D129E2415221300626104 /* GoogleService-Info.plist */; };
		4C1D12A2241525C400626104 /* SDWebImageSwiftUI in Frameworks */ = {isa = PBXBuildFile; productRef = 4C1D12A1241525C400626104 /* SDWebImageSwiftUI */; };
		9628C704C6BBE5F684AB663C /* Pods_Twitter.framework in Frameworks */ = {isa = PBXBuildFile; fileRef = 37F9E3C5CB5B350CD6855B5C /* Pods_Twitter.framework */; };
/* End PBXBuildFile section */

/* Begin PBXFileReference section */
		37F9E3C5CB5B350CD6855B5C /* Pods_Twitter.framework */ = {isa = PBXFileReference; explicitFileType = wrapper.framework; includeInIndex = 0; path = Pods_Twitter.framework; sourceTree = BUILT_PRODUCTS_DIR; };
		4C1D12852415219500626104 /* Twitter.app */ = {isa = PBXFileReference; explicitFileType = wrapper.application; includeInIndex = 0; path = Twitter.app; sourceTree = BUILT_PRODUCTS_DIR; };
		4C1D12882415219500626104 /* AppDelegate.swift */ = {isa = PBXFileReference; lastKnownFileType = sourcecode.swift; path = AppDelegate.swift; sourceTree = "<group>"; };
		4C1D128A2415219500626104 /* SceneDelegate.swift */ = {isa = PBXFileReference; lastKnownFileType = sourcecode.swift; path = SceneDelegate.swift; sourceTree = "<group>"; };
		4C1D128C2415219500626104 /* ContentView.swift */ = {isa = PBXFileReference; lastKnownFileType = sourcecode.swift; path = ContentView.swift; sourceTree = "<group>"; };
		4C1D128E2415219800626104 /* Assets.xcassets */ = {isa = PBXFileReference; lastKnownFileType = folder.assetcatalog; path = Assets.xcassets; sourceTree = "<group>"; };
		4C1D12912415219800626104 /* Preview Assets.xcassets */ = {isa = PBXFileReference; lastKnownFileType = folder.assetcatalog; path = "Preview Assets.xcassets"; sourceTree = "<group>"; };
		4C1D12962415219800626104 /* Info.plist */ = {isa = PBXFileReference; lastKnownFileType = text.plist.xml; path = Info.plist; sourceTree = "<group>"; };
		4C1D129E2415221300626104 /* GoogleService-Info.plist */ = {isa = PBXFileReference; fileEncoding = 4; lastKnownFileType = text.plist.xml; path = "GoogleService-Info.plist"; sourceTree = "<group>"; };
		B8117C40542C16A214D88A1F /* Pods-Twitter.debug.xcconfig */ = {isa = PBXFileReference; includeInIndex = 1; lastKnownFileType = text.xcconfig; name = "Pods-Twitter.debug.xcconfig"; path = "Target Support Files/Pods-Twitter/Pods-Twitter.debug.xcconfig"; sourceTree = "<group>"; };
		BFE5FAD6CAAF3A873FF96AB3 /* Pods-Twitter.release.xcconfig */ = {isa = PBXFileReference; includeInIndex = 1; lastKnownFileType = text.xcconfig; name = "Pods-Twitter.release.xcconfig"; path = "Target Support Files/Pods-Twitter/Pods-Twitter.release.xcconfig"; sourceTree = "<group>"; };
/* End PBXFileReference section */

/* Begin PBXFrameworksBuildPhase section */
		4C1D12822415219500626104 /* Frameworks */ = {
			isa = PBXFrameworksBuildPhase;
			buildActionMask = 2147483647;
			files = (
				4C1D12A2241525C400626104 /* SDWebImageSwiftUI in Frameworks */,
				9628C704C6BBE5F684AB663C /* Pods_Twitter.framework in Frameworks */,
			);
			runOnlyForDeploymentPostprocessing = 0;
		};
/* End PBXFrameworksBuildPhase section */

/* Begin PBXGroup section */
		4C1D127C2415219500626104 = {
			isa = PBXGroup;
			children = (
				4C1D12872415219500626104 /* Twitter */,
				4C1D12862415219500626104 /* Products */,
				86DA74EC2EF8254A382EC46B /* Pods */,
				5D02E3ED6F92DABE6073C506 /* Frameworks */,
			);
			sourceTree = "<group>";
		};
		4C1D12862415219500626104 /* Products */ = {
			isa = PBXGroup;
			children = (
				4C1D12852415219500626104 /* Twitter.app */,
			);
			name = Products;
			sourceTree = "<group>";
		};
		4C1D12872415219500626104 /* Twitter */ = {
			isa = PBXGroup;
			children = (
				4C1D12882415219500626104 /* AppDelegate.swift */,
				4C1D128A2415219500626104 /* SceneDelegate.swift */,
				4C1D128C2415219500626104 /* ContentView.swift */,
				4C1D128E2415219800626104 /* Assets.xcassets */,
				4C1D12962415219800626104 /* Info.plist */,
				4C1D129E2415221300626104 /* GoogleService-Info.plist */,
				4C1D12902415219800626104 /* Preview Content */,
			);
			path = Twitter;
			sourceTree = "<group>";
		};
		4C1D12902415219800626104 /* Preview Content */ = {
			isa = PBXGroup;
			children = (
				4C1D12912415219800626104 /* Preview Assets.xcassets */,
			);
			path = "Preview Content";
			sourceTree = "<group>";
		};
		5D02E3ED6F92DABE6073C506 /* Frameworks */ = {
			isa = PBXGroup;
			children = (
				37F9E3C5CB5B350CD6855B5C /* Pods_Twitter.framework */,
			);
			name = Frameworks;
			sourceTree = "<group>";
		};
		86DA74EC2EF8254A382EC46B /* Pods */ = {
			isa = PBXGroup;
			children = (
				B8117C40542C16A214D88A1F /* Pods-Twitter.debug.xcconfig */,
				BFE5FAD6CAAF3A873FF96AB3 /* Pods-Twitter.release.xcconfig */,
			);
			path = Pods;
			sourceTree = "<group>";
		};
/* End PBXGroup section */

/* Begin PBXNativeTarget section */
		4C1D12842415219500626104 /* Twitter */ = {
			isa = PBXNativeTarget;
			buildConfigurationList = 4C1D12992415219800626104 /* Build configuration list for PBXNativeTarget "Twitter" */;
			buildPhases = (
				9EFA728AA3A52148B4D9768F /* [CP] Check Pods Manifest.lock */,
				4C1D12812415219500626104 /* Sources */,
				4C1D12822415219500626104 /* Frameworks */,
				4C1D12832415219500626104 /* Resources */,
				5928A315DF5FB1F0D6C44245 /* [CP] Embed Pods Frameworks */,
			);
			buildRules = (
			);
			dependencies = (
			);
			name = Twitter;
			packageProductDependencies = (
				4C1D12A1241525C400626104 /* SDWebImageSwiftUI */,
			);
			productName = Twitter;
			productReference = 4C1D12852415219500626104 /* Twitter.app */;
			productType = "com.apple.product-type.application";
		};
/* End PBXNativeTarget section */

/* Begin PBXProject section */
		4C1D127D2415219500626104 /* Project object */ = {
			isa = PBXProject;
			attributes = {
				LastSwiftUpdateCheck = 1130;
				LastUpgradeCheck = 1130;
				ORGANIZATIONNAME = Jovan;
				TargetAttributes = {
					4C1D12842415219500626104 = {
						CreatedOnToolsVersion = 11.3.1;
					};
				};
			};
			buildConfigurationList = 4C1D12802415219500626104 /* Build configuration list for PBXProject "Twitter" */;
			compatibilityVersion = "Xcode 9.3";
			developmentRegion = en;
			hasScannedForEncodings = 0;
			knownRegions = (
				en,
				Base,
			);
			mainGroup = 4C1D127C2415219500626104;
			packageReferences = (
				4C1D12A0241525C400626104 /* XCRemoteSwiftPackageReference "SDWebImageSwiftUI" */,
			);
			productRefGroup = 4C1D12862415219500626104 /* Products */;
			projectDirPath = "";
			projectRoot = "";
			targets = (
				4C1D12842415219500626104 /* Twitter */,
			);
		};
/* End PBXProject section */

/* Begin PBXResourcesBuildPhase section */
		4C1D12832415219500626104 /* Resources */ = {
			isa = PBXResourcesBuildPhase;
			buildActionMask = 2147483647;
			files = (
				4C1D129F2415221300626104 /* GoogleService-Info.plist in Resources */,
				4C1D12922415219800626104 /* Preview Assets.xcassets in Resources */,
				4C1D128F2415219800626104 /* Assets.xcassets in Resources */,
			);
			runOnlyForDeploymentPostprocessing = 0;
		};
/* End PBXResourcesBuildPhase section */

/* Begin PBXShellScriptBuildPhase section */
		5928A315DF5FB1F0D6C44245 /* [CP] Embed Pods Frameworks */ = {
			isa = PBXShellScriptBuildPhase;
			buildActionMask = 2147483647;
			files = (
			);
			inputFileListPaths = (
				"${PODS_ROOT}/Target Support Files/Pods-Twitter/Pods-Twitter-frameworks-${CONFIGURATION}-input-files.xcfilelist",
			);
			name = "[CP] Embed Pods Frameworks";
			outputFileListPaths = (
				"${PODS_ROOT}/Target Support Files/Pods-Twitter/Pods-Twitter-frameworks-${CONFIGURATION}-output-files.xcfilelist",
			);
			runOnlyForDeploymentPostprocessing = 0;
			shellPath = /bin/sh;
			shellScript = "\"${PODS_ROOT}/Target Support Files/Pods-Twitter/Pods-Twitter-frameworks.sh\"\n";
			showEnvVarsInLog = 0;
		};
		9EFA728AA3A52148B4D9768F /* [CP] Check Pods Manifest.lock */ = {
			isa = PBXShellScriptBuildPhase;
			buildActionMask = 2147483647;
			files = (
			);
			inputFileListPaths = (
			);
			inputPaths = (
				"${PODS_PODFILE_DIR_PATH}/Podfile.lock",
				"${PODS_ROOT}/Manifest.lock",
			);
			name = "[CP] Check Pods Manifest.lock";
			outputFileListPaths = (
			);
			outputPaths = (
				"$(DERIVED_FILE_DIR)/Pods-Twitter-checkManifestLockResult.txt",
			);
			runOnlyForDeploymentPostprocessing = 0;
			shellPath = /bin/sh;
			shellScript = "diff \"${PODS_PODFILE_DIR_PATH}/Podfile.lock\" \"${PODS_ROOT}/Manifest.lock\" > /dev/null\nif [ $? != 0 ] ; then\n    # print error to STDERR\n    echo \"error: The sandbox is not in sync with the Podfile.lock. Run 'pod install' or update your CocoaPods installation.\" >&2\n    exit 1\nfi\n# This output is used by Xcode 'outputs' to avoid re-running this script phase.\necho \"SUCCESS\" > \"${SCRIPT_OUTPUT_FILE_0}\"\n";
			showEnvVarsInLog = 0;
		};
/* End PBXShellScriptBuildPhase section */

/* Begin PBXSourcesBuildPhase section */
		4C1D12812415219500626104 /* Sources */ = {
			isa = PBXSourcesBuildPhase;
			buildActionMask = 2147483647;
			files = (
				4C1D12892415219500626104 /* AppDelegate.swift in Sources */,
				4C1D128B2415219500626104 /* SceneDelegate.swift in Sources */,
				4C1D128D2415219500626104 /* ContentView.swift in Sources */,
			);
			runOnlyForDeploymentPostprocessing = 0;
		};
/* End PBXSourcesBuildPhase section */

/* Begin XCBuildConfiguration section */
		4C1D12972415219800626104 /* Debug */ = {
			isa = XCBuildConfiguration;
			buildSettings = {
				ALWAYS_SEARCH_USER_PATHS = NO;
				CLANG_ANALYZER_NONNULL = YES;
				CLANG_ANALYZER_NUMBER_OBJECT_CONVERSION = YES_AGGRESSIVE;
				CLANG_CXX_LANGUAGE_STANDARD = "gnu++14";
				CLANG_CXX_LIBRARY = "libc++";
				CLANG_ENABLE_MODULES = YES;
				CLANG_ENABLE_OBJC_ARC = YES;
				CLANG_ENABLE_OBJC_WEAK = YES;
				CLANG_WARN_BLOCK_CAPTURE_AUTORELEASING = YES;
				CLANG_WARN_BOOL_CONVERSION = YES;
				CLANG_WARN_COMMA = YES;
				CLANG_WARN_CONSTANT_CONVERSION = YES;
				CLANG_WARN_DEPRECATED_OBJC_IMPLEMENTATIONS = YES;
				CLANG_WARN_DIRECT_OBJC_ISA_USAGE = YES_ERROR;
				CLANG_WARN_DOCUMENTATION_COMMENTS = YES;
				CLANG_WARN_EMPTY_BODY = YES;
				CLANG_WARN_ENUM_CONVERSION = YES;
				CLANG_WARN_INFINITE_RECURSION = YES;
				CLANG_WARN_INT_CONVERSION = YES;
				CLANG_WARN_NON_LITERAL_NULL_CONVERSION = YES;
				CLANG_WARN_OBJC_IMPLICIT_RETAIN_SELF = YES;
				CLANG_WARN_OBJC_LITERAL_CONVERSION = YES;
				CLANG_WARN_OBJC_ROOT_CLASS = YES_ERROR;
				CLANG_WARN_RANGE_LOOP_ANALYSIS = YES;
				CLANG_WARN_STRICT_PROTOTYPES = YES;
				CLANG_WARN_SUSPICIOUS_MOVE = YES;
				CLANG_WARN_UNGUARDED_AVAILABILITY = YES_AGGRESSIVE;
				CLANG_WARN_UNREACHABLE_CODE = YES;
				CLANG_WARN__DUPLICATE_METHOD_MATCH = YES;
				COPY_PHASE_STRIP = NO;
				DEBUG_INFORMATION_FORMAT = dwarf;
				ENABLE_STRICT_OBJC_MSGSEND = YES;
				ENABLE_TESTABILITY = YES;
				GCC_C_LANGUAGE_STANDARD = gnu11;
				GCC_DYNAMIC_NO_PIC = NO;
				GCC_NO_COMMON_BLOCKS = YES;
				GCC_OPTIMIZATION_LEVEL = 0;
				GCC_PREPROCESSOR_DEFINITIONS = (
					"DEBUG=1",
					"$(inherited)",
				);
				GCC_WARN_64_TO_32_BIT_CONVERSION = YES;
				GCC_WARN_ABOUT_RETURN_TYPE = YES_ERROR;
				GCC_WARN_UNDECLARED_SELECTOR = YES;
				GCC_WARN_UNINITIALIZED_AUTOS = YES_AGGRESSIVE;
				GCC_WARN_UNUSED_FUNCTION = YES;
				GCC_WARN_UNUSED_VARIABLE = YES;
				IPHONEOS_DEPLOYMENT_TARGET = 13.2;
				MTL_ENABLE_DEBUG_INFO = INCLUDE_SOURCE;
				MTL_FAST_MATH = YES;
				ONLY_ACTIVE_ARCH = YES;
				SDKROOT = iphoneos;
				SWIFT_ACTIVE_COMPILATION_CONDITIONS = DEBUG;
				SWIFT_OPTIMIZATION_LEVEL = "-Onone";
			};
			name = Debug;
		};
		4C1D12982415219800626104 /* Release */ = {
			isa = XCBuildConfiguration;
			buildSettings = {
				ALWAYS_SEARCH_USER_PATHS = NO;
				CLANG_ANALYZER_NONNULL = YES;
				CLANG_ANALYZER_NUMBER_OBJECT_CONVERSION = YES_AGGRESSIVE;
				CLANG_CXX_LANGUAGE_STANDARD = "gnu++14";
				CLANG_CXX_LIBRARY = "libc++";
				CLANG_ENABLE_MODULES = YES;
				CLANG_ENABLE_OBJC_ARC = YES;
				CLANG_ENABLE_OBJC_WEAK = YES;
				CLANG_WARN_BLOCK_CAPTURE_AUTORELEASING = YES;
				CLANG_WARN_BOOL_CONVERSION = YES;
				CLANG_WARN_COMMA = YES;
				CLANG_WARN_CONSTANT_CONVERSION = YES;
				CLANG_WARN_DEPRECATED_OBJC_IMPLEMENTATIONS = YES;
				CLANG_WARN_DIRECT_OBJC_ISA_USAGE = YES_ERROR;
				CLANG_WARN_DOCUMENTATION_COMMENTS = YES;
				CLANG_WARN_EMPTY_BODY = YES;
				CLANG_WARN_ENUM_CONVERSION = YES;
				CLANG_WARN_INFINITE_RECURSION = YES;
				CLANG_WARN_INT_CONVERSION = YES;
				CLANG_WARN_NON_LITERAL_NULL_CONVERSION = YES;
				CLANG_WARN_OBJC_IMPLICIT_RETAIN_SELF = YES;
				CLANG_WARN_OBJC_LITERAL_CONVERSION = YES;
				CLANG_WARN_OBJC_ROOT_CLASS = YES_ERROR;
				CLANG_WARN_RANGE_LOOP_ANALYSIS = YES;
				CLANG_WARN_STRICT_PROTOTYPES = YES;
				CLANG_WARN_SUSPICIOUS_MOVE = YES;
				CLANG_WARN_UNGUARDED_AVAILABILITY = YES_AGGRESSIVE;
				CLANG_WARN_UNREACHABLE_CODE = YES;
				CLANG_WARN__DUPLICATE_METHOD_MATCH = YES;
				COPY_PHASE_STRIP = NO;
				DEBUG_INFORMATION_FORMAT = "dwarf-with-dsym";
				ENABLE_NS_ASSERTIONS = NO;
				ENABLE_STRICT_OBJC_MSGSEND = YES;
				GCC_C_LANGUAGE_STANDARD = gnu11;
				GCC_NO_COMMON_BLOCKS = YES;
				GCC_WARN_64_TO_32_BIT_CONVERSION = YES;
				GCC_WARN_ABOUT_RETURN_TYPE = YES_ERROR;
				GCC_WARN_UNDECLARED_SELECTOR = YES;
				GCC_WARN_UNINITIALIZED_AUTOS = YES_AGGRESSIVE;
				GCC_WARN_UNUSED_FUNCTION = YES;
				GCC_WARN_UNUSED_VARIABLE = YES;
				IPHONEOS_DEPLOYMENT_TARGET = 13.2;
				MTL_ENABLE_DEBUG_INFO = NO;
				MTL_FAST_MATH = YES;
				SDKROOT = iphoneos;
				SWIFT_COMPILATION_MODE = wholemodule;
				SWIFT_OPTIMIZATION_LEVEL = "-O";
				VALIDATE_PRODUCT = YES;
			};
			name = Release;
		};
		4C1D129A2415219800626104 /* Debug */ = {
			isa = XCBuildConfiguration;
			baseConfigurationReference = B8117C40542C16A214D88A1F /* Pods-Twitter.debug.xcconfig */;
			buildSettings = {
				ASSETCATALOG_COMPILER_APPICON_NAME = AppIcon;
				CODE_SIGN_STYLE = Automatic;
				DEVELOPMENT_ASSET_PATHS = "\"Twitter/Preview Content\"";
				DEVELOPMENT_TEAM = 7F656K6W3U;
				ENABLE_PREVIEWS = YES;
				INFOPLIST_FILE = Twitter/Info.plist;
				LD_RUNPATH_SEARCH_PATHS = (
					"$(inherited)",
					"@executable_path/Frameworks",
				);
				PRODUCT_BUNDLE_IDENTIFIER = jovan.Twitter;
				PRODUCT_NAME = "$(TARGET_NAME)";
				SWIFT_VERSION = 5.0;
				TARGETED_DEVICE_FAMILY = "1,2";
			};
			name = Debug;
		};
		4C1D129B2415219800626104 /* Release */ = {
			isa = XCBuildConfiguration;
			baseConfigurationReference = BFE5FAD6CAAF3A873FF96AB3 /* Pods-Twitter.release.xcconfig */;
			buildSettings = {
				ASSETCATALOG_COMPILER_APPICON_NAME = AppIcon;
				CODE_SIGN_STYLE = Automatic;
				DEVELOPMENT_ASSET_PATHS = "\"Twitter/Preview Content\"";
				DEVELOPMENT_TEAM = 7F656K6W3U;
				ENABLE_PREVIEWS = YES;
				INFOPLIST_FILE = Twitter/Info.plist;
				LD_RUNPATH_SEARCH_PATHS = (
					"$(inherited)",
					"@executable_path/Frameworks",
				);
				PRODUCT_BUNDLE_IDENTIFIER = jovan.Twitter;
				PRODUCT_NAME = "$(TARGET_NAME)";
				SWIFT_VERSION = 5.0;
				TARGETED_DEVICE_FAMILY = "1,2";
			};
			name = Release;
		};
/* End XCBuildConfiguration section */

/* Begin XCConfigurationList section */
		4C1D12802415219500626104 /* Build configuration list for PBXProject "Twitter" */ = {
			isa = XCConfigurationList;
			buildConfigurations = (
				4C1D12972415219800626104 /* Debug */,
				4C1D12982415219800626104 /* Release */,
			);
			defaultConfigurationIsVisible = 0;
			defaultConfigurationName = Release;
		};
		4C1D12992415219800626104 /* Build configuration list for PBXNativeTarget "Twitter" */ = {
			isa = XCConfigurationList;
			buildConfigurations = (
				4C1D129A2415219800626104 /* Debug */,
				4C1D129B2415219800626104 /* Release */,
			);
			defaultConfigurationIsVisible = 0;
			defaultConfigurationName = Release;
		};
/* End XCConfigurationList section */

/* Begin XCRemoteSwiftPackageReference section */
		4C1D12A0241525C400626104 /* XCRemoteSwiftPackageReference "SDWebImageSwiftUI" */ = {
			isa = XCRemoteSwiftPackageReference;
			repositoryURL = "https://github.com/SDWebImage/SDWebImageSwiftUI.git";
			requirement = {
				kind = upToNextMajorVersion;
				minimumVersion = 1.0.0;
			};
		};
/* End XCRemoteSwiftPackageReference section */

/* Begin XCSwiftPackageProductDependency section */
		4C1D12A1241525C400626104 /* SDWebImageSwiftUI */ = {
			isa = XCSwiftPackageProductDependency;
			package = 4C1D12A0241525C400626104 /* XCRemoteSwiftPackageReference "SDWebImageSwiftUI" */;
			productName = SDWebImageSwiftUI;
		};
/* End XCSwiftPackageProductDependency section */
	};
	rootObject = 4C1D127D2415219500626104 /* Project object */;
}
